
Microsoft Visual Studio Solution File, Format Version 12.00
# Visual Studio Version 17
VisualStudioVersion = 17.6.33723.286
MinimumVisualStudioVersion = 10.0.40219.1
Project("{FAE04EC0-301F-11D3-BF4B-00C04F79EFBC}") = "Arrays_and_Lists_Exercise_01", "Arrays_and_Lists_Exercise_01\Arrays_and_Lists_Exercise_01.csproj", "{498DB01C-1B9B-42A0-B1F8-97B352D948B8}"
EndProject
Global
	GlobalSection(SolutionConfigurationPlatforms) = preSolution
		Debug|Any CPU = Debug|Any CPU
		Release|Any CPU = Release|Any CPU
	EndGlobalSection
	GlobalSection(ProjectConfigurationPlatforms) = postSolution
		{498DB01C-1B9B-42A0-B1F8-97B352D948B8}.Debug|Any CPU.ActiveCfg = Debug|Any CPU
		{498DB01C-1B9B-42A0-B1F8-97B352D948B8}.Debug|Any CPU.Build.0 = Debug|Any CPU
		{498DB01C-1B9B-42A0-B1F8-97B352D948B8}.Release|Any CPU.ActiveCfg = Release|Any CPU
		{498DB01C-1B9B-42A0-B1F8-97B352D948B8}.Release|Any CPU.Build.0 = Release|Any CPU
	EndGlobalSection
	GlobalSection(SolutionProperties) = preSolution
		HideSolutionNode = FALSE
	EndGlobalSection
	GlobalSection(ExtensibilityGlobals) = postSolution
		SolutionGuid = {C4EC4009-E36D-4694-A45D-B4EA186BF542}
	EndGlobalSection
EndGlobal
